// !$*UTF8*$!
{
	archiveVersion = 1;
	classes = {
	};
	objectVersion = 46;
	objects = {

/* Begin PBXBuildFile section */
		4B26F5F41F5480EB0068BC0C /* TweetDetailImageTableViewCell.swift in Sources */ = {isa = PBXBuildFile; fileRef = 4B26F5F21F5480EB0068BC0C /* TweetDetailImageTableViewCell.swift */; };
		4B26F5F51F5480EB0068BC0C /* TweetDetailImageTableViewCell.xib in Resources */ = {isa = PBXBuildFile; fileRef = 4B26F5F31F5480EB0068BC0C /* TweetDetailImageTableViewCell.xib */; };
		4B26F5F71F548BB80068BC0C /* TweetDetailTableViewController.swift in Sources */ = {isa = PBXBuildFile; fileRef = 4B26F5F61F548BB80068BC0C /* TweetDetailTableViewController.swift */; };
		4B36EC531F5089140097356C /* TweetTableViewCell.swift in Sources */ = {isa = PBXBuildFile; fileRef = 4B36EC521F5089140097356C /* TweetTableViewCell.swift */; };
		4B60DCA01F5F0AAB001296AE /* TweetImageScrollViewController.swift in Sources */ = {isa = PBXBuildFile; fileRef = 4B60DC9F1F5F0AAB001296AE /* TweetImageScrollViewController.swift */; };
		4BBB85351F69911B0010A4E0 /* TweetImagesCollectionViewController.swift in Sources */ = {isa = PBXBuildFile; fileRef = 4BBB85341F69911B0010A4E0 /* TweetImagesCollectionViewController.swift */; };
		4BBB85371F6ACC4A0010A4E0 /* TweetImageCollectionViewCell.swift in Sources */ = {isa = PBXBuildFile; fileRef = 4BBB85361F6ACC4A0010A4E0 /* TweetImageCollectionViewCell.swift */; };
		4BBCE9E61F740782000B7113 /* FetchedResultsTableViewController.swift in Sources */ = {isa = PBXBuildFile; fileRef = 4BBCE9E51F740781000B7113 /* FetchedResultsTableViewController.swift */; };
		4BBCE9E81F740AA7000B7113 /* SmashTweetersTableViewController.swift in Sources */ = {isa = PBXBuildFile; fileRef = 4BBCE9E71F740AA7000B7113 /* SmashTweetersTableViewController.swift */; };
		4BBCE9EA1F740BDD000B7113 /* SmashPopularityTableViewController.swift in Sources */ = {isa = PBXBuildFile; fileRef = 4BBCE9E91F740BDD000B7113 /* SmashPopularityTableViewController.swift */; };
		4BC3F13C1F61A52300838AAD /* RecentSearchTermsStore.swift in Sources */ = {isa = PBXBuildFile; fileRef = 4BC3F13B1F61A52300838AAD /* RecentSearchTermsStore.swift */; };
		4BC3F1401F61AD2000838AAD /* RecentSearchTermsTableViewController.swift in Sources */ = {isa = PBXBuildFile; fileRef = 4BC3F13F1F61AD2000838AAD /* RecentSearchTermsTableViewController.swift */; };
		4BC3F1421F66E72100838AAD /* TweetWebViewViewController.swift in Sources */ = {isa = PBXBuildFile; fileRef = 4BC3F1411F66E72100838AAD /* TweetWebViewViewController.swift */; };
		4BCA9EE61F4F20030090D1C5 /* AppDelegate.swift in Sources */ = {isa = PBXBuildFile; fileRef = 4BCA9EE51F4F20030090D1C5 /* AppDelegate.swift */; };
		4BCA9EEB1F4F20030090D1C5 /* Main.storyboard in Resources */ = {isa = PBXBuildFile; fileRef = 4BCA9EE91F4F20030090D1C5 /* Main.storyboard */; };
		4BCA9EED1F4F20030090D1C5 /* Assets.xcassets in Resources */ = {isa = PBXBuildFile; fileRef = 4BCA9EEC1F4F20030090D1C5 /* Assets.xcassets */; };
		4BCA9EF01F4F20030090D1C5 /* LaunchScreen.storyboard in Resources */ = {isa = PBXBuildFile; fileRef = 4BCA9EEE1F4F20030090D1C5 /* LaunchScreen.storyboard */; };
		4BCA9EF91F4F21590090D1C5 /* TweetTableViewController.swift in Sources */ = {isa = PBXBuildFile; fileRef = 4BCA9EF81F4F21590090D1C5 /* TweetTableViewController.swift */; };
		4BCA9EFB1F4F24830090D1C5 /* Twitter.framework in Frameworks */ = {isa = PBXBuildFile; fileRef = 4BCA9EFA1F4F24830090D1C5 /* Twitter.framework */; };
		4BCA9EFC1F4F24830090D1C5 /* Twitter.framework in Embed Frameworks */ = {isa = PBXBuildFile; fileRef = 4BCA9EFA1F4F24830090D1C5 /* Twitter.framework */; settings = {ATTRIBUTES = (CodeSignOnCopy, RemoveHeadersOnCopy, ); }; };
		4BCB0D4A1F702462007817BC /* Smash.xcdatamodeld in Sources */ = {isa = PBXBuildFile; fileRef = 4BCB0D481F702462007817BC /* Smash.xcdatamodeld */; };
		4BCB0D4D1F716759007817BC /* SmashTweetTableViewController.swift in Sources */ = {isa = PBXBuildFile; fileRef = 4BCB0D4C1F716759007817BC /* SmashTweetTableViewController.swift */; };
		4BCB0D4F1F71927F007817BC /* Tweet.swift in Sources */ = {isa = PBXBuildFile; fileRef = 4BCB0D4E1F71927F007817BC /* Tweet.swift */; };
		4BCB0D511F7192AE007817BC /* Mention.swift in Sources */ = {isa = PBXBuildFile; fileRef = 4BCB0D501F7192AE007817BC /* Mention.swift */; };
/* End PBXBuildFile section */

/* Begin PBXCopyFilesBuildPhase section */
		4BCA9EFD1F4F24830090D1C5 /* Embed Frameworks */ = {
			isa = PBXCopyFilesBuildPhase;
			buildActionMask = 2147483647;
			dstPath = "";
			dstSubfolderSpec = 10;
			files = (
				4BCA9EFC1F4F24830090D1C5 /* Twitter.framework in Embed Frameworks */,
			);
			name = "Embed Frameworks";
			runOnlyForDeploymentPostprocessing = 0;
		};
/* End PBXCopyFilesBuildPhase section */

/* Begin PBXFileReference section */
		4B26F5F21F5480EB0068BC0C /* TweetDetailImageTableViewCell.swift */ = {isa = PBXFileReference; fileEncoding = 4; lastKnownFileType = sourcecode.swift; path = TweetDetailImageTableViewCell.swift; sourceTree = "<group>"; };
		4B26F5F31F5480EB0068BC0C /* TweetDetailImageTableViewCell.xib */ = {isa = PBXFileReference; fileEncoding = 4; lastKnownFileType = file.xib; path = TweetDetailImageTableViewCell.xib; sourceTree = "<group>"; };
		4B26F5F61F548BB80068BC0C /* TweetDetailTableViewController.swift */ = {isa = PBXFileReference; fileEncoding = 4; lastKnownFileType = sourcecode.swift; path = TweetDetailTableViewController.swift; sourceTree = "<group>"; };
		4B36EC521F5089140097356C /* TweetTableViewCell.swift */ = {isa = PBXFileReference; fileEncoding = 4; lastKnownFileType = sourcecode.swift; path = TweetTableViewCell.swift; sourceTree = "<group>"; };
		4B60DC9F1F5F0AAB001296AE /* TweetImageScrollViewController.swift */ = {isa = PBXFileReference; fileEncoding = 4; lastKnownFileType = sourcecode.swift; path = TweetImageScrollViewController.swift; sourceTree = "<group>"; };
		4BBB85341F69911B0010A4E0 /* TweetImagesCollectionViewController.swift */ = {isa = PBXFileReference; fileEncoding = 4; lastKnownFileType = sourcecode.swift; path = TweetImagesCollectionViewController.swift; sourceTree = "<group>"; };
		4BBB85361F6ACC4A0010A4E0 /* TweetImageCollectionViewCell.swift */ = {isa = PBXFileReference; fileEncoding = 4; lastKnownFileType = sourcecode.swift; path = TweetImageCollectionViewCell.swift; sourceTree = "<group>"; };
		4BBCE9E51F740781000B7113 /* FetchedResultsTableViewController.swift */ = {isa = PBXFileReference; lastKnownFileType = sourcecode.swift; path = FetchedResultsTableViewController.swift; sourceTree = "<group>"; };
		4BBCE9E71F740AA7000B7113 /* SmashTweetersTableViewController.swift */ = {isa = PBXFileReference; lastKnownFileType = sourcecode.swift; path = SmashTweetersTableViewController.swift; sourceTree = "<group>"; };
		4BBCE9E91F740BDD000B7113 /* SmashPopularityTableViewController.swift */ = {isa = PBXFileReference; lastKnownFileType = sourcecode.swift; path = SmashPopularityTableViewController.swift; sourceTree = "<group>"; };
		4BC3F13B1F61A52300838AAD /* RecentSearchTermsStore.swift */ = {isa = PBXFileReference; fileEncoding = 4; lastKnownFileType = sourcecode.swift; path = RecentSearchTermsStore.swift; sourceTree = "<group>"; };
		4BC3F13F1F61AD2000838AAD /* RecentSearchTermsTableViewController.swift */ = {isa = PBXFileReference; fileEncoding = 4; lastKnownFileType = sourcecode.swift; path = RecentSearchTermsTableViewController.swift; sourceTree = "<group>"; };
		4BC3F1411F66E72100838AAD /* TweetWebViewViewController.swift */ = {isa = PBXFileReference; fileEncoding = 4; lastKnownFileType = sourcecode.swift; path = TweetWebViewViewController.swift; sourceTree = "<group>"; };
		4BCA9EE21F4F20030090D1C5 /* Smashtag.app */ = {isa = PBXFileReference; explicitFileType = wrapper.application; includeInIndex = 0; path = Smashtag.app; sourceTree = BUILT_PRODUCTS_DIR; };
		4BCA9EE51F4F20030090D1C5 /* AppDelegate.swift */ = {isa = PBXFileReference; lastKnownFileType = sourcecode.swift; path = AppDelegate.swift; sourceTree = "<group>"; };
		4BCA9EEA1F4F20030090D1C5 /* Base */ = {isa = PBXFileReference; lastKnownFileType = file.storyboard; name = Base; path = Base.lproj/Main.storyboard; sourceTree = "<group>"; };
		4BCA9EEC1F4F20030090D1C5 /* Assets.xcassets */ = {isa = PBXFileReference; lastKnownFileType = folder.assetcatalog; path = Assets.xcassets; sourceTree = "<group>"; };
		4BCA9EEF1F4F20030090D1C5 /* Base */ = {isa = PBXFileReference; lastKnownFileType = file.storyboard; name = Base; path = Base.lproj/LaunchScreen.storyboard; sourceTree = "<group>"; };
		4BCA9EF11F4F20030090D1C5 /* Info.plist */ = {isa = PBXFileReference; lastKnownFileType = text.plist.xml; path = Info.plist; sourceTree = "<group>"; };
		4BCA9EF81F4F21590090D1C5 /* TweetTableViewController.swift */ = {isa = PBXFileReference; fileEncoding = 4; lastKnownFileType = sourcecode.swift; path = TweetTableViewController.swift; sourceTree = "<group>"; };
		4BCA9EFA1F4F24830090D1C5 /* Twitter.framework */ = {isa = PBXFileReference; explicitFileType = wrapper.framework; path = Twitter.framework; sourceTree = BUILT_PRODUCTS_DIR; };
		4BCB0D491F702462007817BC /* Smash.xcdatamodel */ = {isa = PBXFileReference; lastKnownFileType = wrapper.xcdatamodel; path = Smash.xcdatamodel; sourceTree = "<group>"; };
		4BCB0D4C1F716759007817BC /* SmashTweetTableViewController.swift */ = {isa = PBXFileReference; fileEncoding = 4; lastKnownFileType = sourcecode.swift; path = SmashTweetTableViewController.swift; sourceTree = "<group>"; };
		4BCB0D4E1F71927F007817BC /* Tweet.swift */ = {isa = PBXFileReference; fileEncoding = 4; lastKnownFileType = sourcecode.swift; path = Tweet.swift; sourceTree = "<group>"; };
		4BCB0D501F7192AE007817BC /* Mention.swift */ = {isa = PBXFileReference; fileEncoding = 4; lastKnownFileType = sourcecode.swift; path = Mention.swift; sourceTree = "<group>"; };
/* End PBXFileReference section */

/* Begin PBXFrameworksBuildPhase section */
		4BCA9EDF1F4F20030090D1C5 /* Frameworks */ = {
			isa = PBXFrameworksBuildPhase;
			buildActionMask = 2147483647;
			files = (
				4BCA9EFB1F4F24830090D1C5 /* Twitter.framework in Frameworks */,
			);
			runOnlyForDeploymentPostprocessing = 0;
		};
/* End PBXFrameworksBuildPhase section */

/* Begin PBXGroup section */
		4BCA9ED91F4F20030090D1C5 = {
			isa = PBXGroup;
			children = (
				4BCA9EFA1F4F24830090D1C5 /* Twitter.framework */,
				4BCA9EE41F4F20030090D1C5 /* Smashtag */,
				4BCA9EE31F4F20030090D1C5 /* Products */,
			);
			sourceTree = "<group>";
		};
		4BCA9EE31F4F20030090D1C5 /* Products */ = {
			isa = PBXGroup;
			children = (
				4BCA9EE21F4F20030090D1C5 /* Smashtag.app */,
			);
			name = Products;
			sourceTree = "<group>";
		};
		4BCA9EE41F4F20030090D1C5 /* Smashtag */ = {
			isa = PBXGroup;
			children = (
				4BCB0D4C1F716759007817BC /* SmashTweetTableViewController.swift */,
				4BBCE9E91F740BDD000B7113 /* SmashPopularityTableViewController.swift */,
				4BCB0D4B1F702956007817BC /* Core Data */,
				4B36EC521F5089140097356C /* TweetTableViewCell.swift */,
				4BCA9EF81F4F21590090D1C5 /* TweetTableViewController.swift */,
				4B26F5F61F548BB80068BC0C /* TweetDetailTableViewController.swift */,
				4B26F5F21F5480EB0068BC0C /* TweetDetailImageTableViewCell.swift */,
				4B26F5F31F5480EB0068BC0C /* TweetDetailImageTableViewCell.xib */,
				4B60DC9F1F5F0AAB001296AE /* TweetImageScrollViewController.swift */,
				4BC3F13B1F61A52300838AAD /* RecentSearchTermsStore.swift */,
				4BC3F13F1F61AD2000838AAD /* RecentSearchTermsTableViewController.swift */,
				4BC3F1411F66E72100838AAD /* TweetWebViewViewController.swift */,
				4BBB85341F69911B0010A4E0 /* TweetImagesCollectionViewController.swift */,
				4BBB85361F6ACC4A0010A4E0 /* TweetImageCollectionViewCell.swift */,
				4BCA9EE91F4F20030090D1C5 /* Main.storyboard */,
				4BCA9EF11F4F20030090D1C5 /* Info.plist */,
				4BCA9EF71F4F20F10090D1C5 /* Supporting Files */,
			);
			path = Smashtag;
			sourceTree = "<group>";
		};
		4BCA9EF71F4F20F10090D1C5 /* Supporting Files */ = {
			isa = PBXGroup;
			children = (
				4BCA9EE51F4F20030090D1C5 /* AppDelegate.swift */,
				4BCA9EEC1F4F20030090D1C5 /* Assets.xcassets */,
				4BCA9EEE1F4F20030090D1C5 /* LaunchScreen.storyboard */,
			);
			name = "Supporting Files";
			sourceTree = "<group>";
		};
		4BCB0D4B1F702956007817BC /* Core Data */ = {
			isa = PBXGroup;
			children = (
				4BCB0D481F702462007817BC /* Smash.xcdatamodeld */,
				4BCB0D4E1F71927F007817BC /* Tweet.swift */,
				4BCB0D501F7192AE007817BC /* Mention.swift */,
				4BBCE9E51F740781000B7113 /* FetchedResultsTableViewController.swift */,
				4BBCE9E71F740AA7000B7113 /* SmashTweetersTableViewController.swift */,
			);
			name = "Core Data";
			sourceTree = "<group>";
		};
/* End PBXGroup section */

/* Begin PBXNativeTarget section */
		4BCA9EE11F4F20030090D1C5 /* Smashtag */ = {
			isa = PBXNativeTarget;
			buildConfigurationList = 4BCA9EF41F4F20030090D1C5 /* Build configuration list for PBXNativeTarget "Smashtag" */;
			buildPhases = (
				4BCA9EDE1F4F20030090D1C5 /* Sources */,
				4BCA9EDF1F4F20030090D1C5 /* Frameworks */,
				4BCA9EE01F4F20030090D1C5 /* Resources */,
				4BCA9EFD1F4F24830090D1C5 /* Embed Frameworks */,
			);
			buildRules = (
			);
			dependencies = (
			);
			name = Smashtag;
			productName = Smashtag;
			productReference = 4BCA9EE21F4F20030090D1C5 /* Smashtag.app */;
			productType = "com.apple.product-type.application";
		};
/* End PBXNativeTarget section */

/* Begin PBXProject section */
		4BCA9EDA1F4F20030090D1C5 /* Project object */ = {
			isa = PBXProject;
			attributes = {
				LastSwiftUpdateCheck = 0830;
				LastUpgradeCheck = 0830;
				ORGANIZATIONNAME = shiwangwang;
				TargetAttributes = {
					4BCA9EE11F4F20030090D1C5 = {
						CreatedOnToolsVersion = 8.3.3;
						DevelopmentTeam = 55ER5J85UF;
						ProvisioningStyle = Automatic;
					};
				};
			};
			buildConfigurationList = 4BCA9EDD1F4F20030090D1C5 /* Build configuration list for PBXProject "Smashtag" */;
			compatibilityVersion = "Xcode 3.2";
			developmentRegion = English;
			hasScannedForEncodings = 0;
			knownRegions = (
				en,
				Base,
			);
			mainGroup = 4BCA9ED91F4F20030090D1C5;
			productRefGroup = 4BCA9EE31F4F20030090D1C5 /* Products */;
			projectDirPath = "";
			projectRoot = "";
			targets = (
				4BCA9EE11F4F20030090D1C5 /* Smashtag */,
			);
		};
/* End PBXProject section */

/* Begin PBXResourcesBuildPhase section */
		4BCA9EE01F4F20030090D1C5 /* Resources */ = {
			isa = PBXResourcesBuildPhase;
			buildActionMask = 2147483647;
			files = (
				4BCA9EF01F4F20030090D1C5 /* LaunchScreen.storyboard in Resources */,
				4BCA9EED1F4F20030090D1C5 /* Assets.xcassets in Resources */,
				4BCA9EEB1F4F20030090D1C5 /* Main.storyboard in Resources */,
				4B26F5F51F5480EB0068BC0C /* TweetDetailImageTableViewCell.xib in Resources */,
			);
			runOnlyForDeploymentPostprocessing = 0;
		};
/* End PBXResourcesBuildPhase section */

/* Begin PBXSourcesBuildPhase section */
		4BCA9EDE1F4F20030090D1C5 /* Sources */ = {
			isa = PBXSourcesBuildPhase;
			buildActionMask = 2147483647;
			files = (
				4BC3F13C1F61A52300838AAD /* RecentSearchTermsStore.swift in Sources */,
				4BCB0D511F7192AE007817BC /* Mention.swift in Sources */,
				4B26F5F41F5480EB0068BC0C /* TweetDetailImageTableViewCell.swift in Sources */,
				4BC3F1421F66E72100838AAD /* TweetWebViewViewController.swift in Sources */,
				4BCB0D4F1F71927F007817BC /* Tweet.swift in Sources */,
				4BCA9EE61F4F20030090D1C5 /* AppDelegate.swift in Sources */,
				4BCA9EF91F4F21590090D1C5 /* TweetTableViewController.swift in Sources */,
				4B60DCA01F5F0AAB001296AE /* TweetImageScrollViewController.swift in Sources */,
				4BCB0D4A1F702462007817BC /* Smash.xcdatamodeld in Sources */,
				4BCB0D4D1F716759007817BC /* SmashTweetTableViewController.swift in Sources */,
				4BBB85351F69911B0010A4E0 /* TweetImagesCollectionViewController.swift in Sources */,
				4BBB85371F6ACC4A0010A4E0 /* TweetImageCollectionViewCell.swift in Sources */,
				4B26F5F71F548BB80068BC0C /* TweetDetailTableViewController.swift in Sources */,
				4BBCE9EA1F740BDD000B7113 /* SmashPopularityTableViewController.swift in Sources */,
				4BC3F1401F61AD2000838AAD /* RecentSearchTermsTableViewController.swift in Sources */,
				4BBCE9E61F740782000B7113 /* FetchedResultsTableViewController.swift in Sources */,
				4B36EC531F5089140097356C /* TweetTableViewCell.swift in Sources */,
				4BBCE9E81F740AA7000B7113 /* SmashTweetersTableViewController.swift in Sources */,
			);
			runOnlyForDeploymentPostprocessing = 0;
		};
/* End PBXSourcesBuildPhase section */

/* Begin PBXVariantGroup section */
		4BCA9EE91F4F20030090D1C5 /* Main.storyboard */ = {
			isa = PBXVariantGroup;
			children = (
				4BCA9EEA1F4F20030090D1C5 /* Base */,
			);
			name = Main.storyboard;
			sourceTree = "<group>";
		};
		4BCA9EEE1F4F20030090D1C5 /* LaunchScreen.storyboard */ = {
			isa = PBXVariantGroup;
			children = (
				4BCA9EEF1F4F20030090D1C5 /* Base */,
			);
			name = LaunchScreen.storyboard;
			sourceTree = "<group>";
		};
/* End PBXVariantGroup section */

/* Begin XCBuildConfiguration section */
		4BCA9EF21F4F20030090D1C5 /* Debug */ = {
			isa = XCBuildConfiguration;
			buildSettings = {
				ALWAYS_SEARCH_USER_PATHS = NO;
				CLANG_ANALYZER_NONNULL = YES;
				CLANG_ANALYZER_NUMBER_OBJECT_CONVERSION = YES_AGGRESSIVE;
				CLANG_CXX_LANGUAGE_STANDARD = "gnu++0x";
				CLANG_CXX_LIBRARY = "libc++";
				CLANG_ENABLE_MODULES = YES;
				CLANG_ENABLE_OBJC_ARC = YES;
				CLANG_WARN_BOOL_CONVERSION = YES;
				CLANG_WARN_CONSTANT_CONVERSION = YES;
				CLANG_WARN_DIRECT_OBJC_ISA_USAGE = YES_ERROR;
				CLANG_WARN_DOCUMENTATION_COMMENTS = YES;
				CLANG_WARN_EMPTY_BODY = YES;
				CLANG_WARN_ENUM_CONVERSION = YES;
				CLANG_WARN_INFINITE_RECURSION = YES;
				CLANG_WARN_INT_CONVERSION = YES;
				CLANG_WARN_OBJC_ROOT_CLASS = YES_ERROR;
				CLANG_WARN_SUSPICIOUS_MOVE = YES;
				CLANG_WARN_UNREACHABLE_CODE = YES;
				CLANG_WARN__DUPLICATE_METHOD_MATCH = YES;
				"CODE_SIGN_IDENTITY[sdk=iphoneos*]" = "iPhone Developer";
				COPY_PHASE_STRIP = NO;
				DEBUG_INFORMATION_FORMAT = dwarf;
				ENABLE_STRICT_OBJC_MSGSEND = YES;
				ENABLE_TESTABILITY = YES;
				GCC_C_LANGUAGE_STANDARD = gnu99;
				GCC_DYNAMIC_NO_PIC = NO;
				GCC_NO_COMMON_BLOCKS = YES;
				GCC_OPTIMIZATION_LEVEL = 0;
				GCC_PREPROCESSOR_DEFINITIONS = (
					"DEBUG=1",
					"$(inherited)",
				);
				GCC_WARN_64_TO_32_BIT_CONVERSION = YES;
				GCC_WARN_ABOUT_RETURN_TYPE = YES_ERROR;
				GCC_WARN_UNDECLARED_SELECTOR = YES;
				GCC_WARN_UNINITIALIZED_AUTOS = YES_AGGRESSIVE;
				GCC_WARN_UNUSED_FUNCTION = YES;
				GCC_WARN_UNUSED_VARIABLE = YES;
				IPHONEOS_DEPLOYMENT_TARGET = 10.0;
				MTL_ENABLE_DEBUG_INFO = YES;
				ONLY_ACTIVE_ARCH = YES;
				SDKROOT = iphoneos;
				SWIFT_ACTIVE_COMPILATION_CONDITIONS = DEBUG;
				SWIFT_OPTIMIZATION_LEVEL = "-Onone";
			};
			name = Debug;
		};
		4BCA9EF31F4F20030090D1C5 /* Release */ = {
			isa = XCBuildConfiguration;
			buildSettings = {
				ALWAYS_SEARCH_USER_PATHS = NO;
				CLANG_ANALYZER_NONNULL = YES;
				CLANG_ANALYZER_NUMBER_OBJECT_CONVERSION = YES_AGGRESSIVE;
				CLANG_CXX_LANGUAGE_STANDARD = "gnu++0x";
				CLANG_CXX_LIBRARY = "libc++";
				CLANG_ENABLE_MODULES = YES;
				CLANG_ENABLE_OBJC_ARC = YES;
				CLANG_WARN_BOOL_CONVERSION = YES;
				CLANG_WARN_CONSTANT_CONVERSION = YES;
				CLANG_WARN_DIRECT_OBJC_ISA_USAGE = YES_ERROR;
				CLANG_WARN_DOCUMENTATION_COMMENTS = YES;
				CLANG_WARN_EMPTY_BODY = YES;
				CLANG_WARN_ENUM_CONVERSION = YES;
				CLANG_WARN_INFINITE_RECURSION = YES;
				CLANG_WARN_INT_CONVERSION = YES;
				CLANG_WARN_OBJC_ROOT_CLASS = YES_ERROR;
				CLANG_WARN_SUSPICIOUS_MOVE = YES;
				CLANG_WARN_UNREACHABLE_CODE = YES;
				CLANG_WARN__DUPLICATE_METHOD_MATCH = YES;
				"CODE_SIGN_IDENTITY[sdk=iphoneos*]" = "iPhone Developer";
				COPY_PHASE_STRIP = NO;
				DEBUG_INFORMATION_FORMAT = "dwarf-with-dsym";
				ENABLE_NS_ASSERTIONS = NO;
				ENABLE_STRICT_OBJC_MSGSEND = YES;
				GCC_C_LANGUAGE_STANDARD = gnu99;
				GCC_NO_COMMON_BLOCKS = YES;
				GCC_WARN_64_TO_32_BIT_CONVERSION = YES;
				GCC_WARN_ABOUT_RETURN_TYPE = YES_ERROR;
				GCC_WARN_UNDECLARED_SELECTOR = YES;
				GCC_WARN_UNINITIALIZED_AUTOS = YES_AGGRESSIVE;
				GCC_WARN_UNUSED_FUNCTION = YES;
				GCC_WARN_UNUSED_VARIABLE = YES;
				IPHONEOS_DEPLOYMENT_TARGET = 10.0;
				MTL_ENABLE_DEBUG_INFO = NO;
				SDKROOT = iphoneos;
				SWIFT_OPTIMIZATION_LEVEL = "-Owholemodule";
				VALIDATE_PRODUCT = YES;
			};
			name = Release;
		};
		4BCA9EF51F4F20030090D1C5 /* Debug */ = {
			isa = XCBuildConfiguration;
			buildSettings = {
				ASSETCATALOG_COMPILER_APPICON_NAME = AppIcon;
				DEVELOPMENT_TEAM = 55ER5J85UF;
				INFOPLIST_FILE = Smashtag/Info.plist;
				LD_RUNPATH_SEARCH_PATHS = "$(inherited) @executable_path/Frameworks";
				PRODUCT_BUNDLE_IDENTIFIER = me.shiwangwang.Smashtag;
				PRODUCT_NAME = "$(TARGET_NAME)";
				SWIFT_VERSION = 3.0;
			};
			name = Debug;
		};
		4BCA9EF61F4F20030090D1C5 /* Release */ = {
			isa = XCBuildConfiguration;
			buildSettings = {
				ASSETCATALOG_COMPILER_APPICON_NAME = AppIcon;
				DEVELOPMENT_TEAM = 55ER5J85UF;
				INFOPLIST_FILE = Smashtag/Info.plist;
				LD_RUNPATH_SEARCH_PATHS = "$(inherited) @executable_path/Frameworks";
				PRODUCT_BUNDLE_IDENTIFIER = me.shiwangwang.Smashtag;
				PRODUCT_NAME = "$(TARGET_NAME)";
				SWIFT_VERSION = 3.0;
			};
			name = Release;
		};
/* End XCBuildConfiguration section */

/* Begin XCConfigurationList section */
		4BCA9EDD1F4F20030090D1C5 /* Build configuration list for PBXProject "Smashtag" */ = {
			isa = XCConfigurationList;
			buildConfigurations = (
				4BCA9EF21F4F20030090D1C5 /* Debug */,
				4BCA9EF31F4F20030090D1C5 /* Release */,
			);
			defaultConfigurationIsVisible = 0;
			defaultConfigurationName = Release;
		};
		4BCA9EF41F4F20030090D1C5 /* Build configuration list for PBXNativeTarget "Smashtag" */ = {
			isa = XCConfigurationList;
			buildConfigurations = (
				4BCA9EF51F4F20030090D1C5 /* Debug */,
				4BCA9EF61F4F20030090D1C5 /* Release */,
			);
			defaultConfigurationIsVisible = 0;
			defaultConfigurationName = Release;
		};
/* End XCConfigurationList section */

/* Begin XCVersionGroup section */
		4BCB0D481F702462007817BC /* Smash.xcdatamodeld */ = {
			isa = XCVersionGroup;
			children = (
				4BCB0D491F702462007817BC /* Smash.xcdatamodel */,
			);
			currentVersion = 4BCB0D491F702462007817BC /* Smash.xcdatamodel */;
			path = Smash.xcdatamodeld;
			sourceTree = "<group>";
			versionGroupType = wrapper.xcdatamodel;
		};
/* End XCVersionGroup section */
	};
	rootObject = 4BCA9EDA1F4F20030090D1C5 /* Project object */;
}
